
Microsoft Visual Studio Solution File, Format Version 12.00
# Visual Studio Version 16
VisualStudioVersion = 25.0.1706.8
MinimumVisualStudioVersion = 10.0.40219.1
Project("{FAE04EC0-301F-11D3-BF4B-00C04F79EFBC}") = "WebDevelopingASPNetMvcExamplePapers", "WebDevelopingASPNetMvcExamplePapers\WebDevelopingASPNetMvcExamplePapers.csproj", "{A97C26AE-34F4-4DF5-A824-8748AC60C69F}"
EndProject
Global
	GlobalSection(SolutionConfigurationPlatforms) = preSolution
		Debug|Any CPU = Debug|Any CPU
		Release|Any CPU = Release|Any CPU
	EndGlobalSection
	GlobalSection(ProjectConfigurationPlatforms) = postSolution
		{A97C26AE-34F4-4DF5-A824-8748AC60C69F}.Debug|Any CPU.ActiveCfg = Debug|Any CPU
		{A97C26AE-34F4-4DF5-A824-8748AC60C69F}.Debug|Any CPU.Build.0 = Debug|Any CPU
		{A97C26AE-34F4-4DF5-A824-8748AC60C69F}.Release|Any CPU.ActiveCfg = Release|Any CPU
		{A97C26AE-34F4-4DF5-A824-8748AC60C69F}.Release|Any CPU.Build.0 = Release|Any CPU
	EndGlobalSection
	GlobalSection(SolutionProperties) = preSolution
		HideSolutionNode = FALSE
	EndGlobalSection
	GlobalSection(ExtensibilityGlobals) = postSolution
		SolutionGuid = {CA36CA41-05D2-4FD1-AB12-16B18B3901CA}
	EndGlobalSection
EndGlobal
